PODS:
  - ResplendentUtilities (0.5.2)
  - RTSMTableSectionManager (0.1.8):
    - ResplendentUtilities (~> 0.5.0)
  - RUTextSize (0.1.15):
    - ResplendentUtilities (~> 0.5.2)

DEPENDENCIES:
  - RTSMTableSectionManager (= 0.1.8)
  - RUTextSize (from `../`)

EXTERNAL SOURCES:
  RUTextSize:
    :path: "../"

SPEC CHECKSUMS:
  ResplendentUtilities: 76f87cca03bda3e246c31bba7bd74fe34ceb16ea
  RTSMTableSectionManager: 0da0f9e521a00501edabcd72be8b045c9d920111
  RUTextSize: 9946e1a6b8a838b6cd26ad220abbac5cd22dfa7b

PODFILE CHECKSUM: 37d383b8b4ff67632867d1244fe2702a8ead3cf2

COCOAPODS: 1.2.1
