PODS:
  - ResplendentUtilities (0.5.1)
  - RTSMTableSectionManager (0.1.8):
    - ResplendentUtilities (~> 0.5.0)
  - RUTextSize (0.1.15):
    - ResplendentUtilities (~> 0.5.1)

DEPENDENCIES:
  - RTSMTableSectionManager (= 0.1.8)
  - RUTextSize (from `../`)

EXTERNAL SOURCES:
  RUTextSize:
    :path: "../"

SPEC CHECKSUMS:
  ResplendentUtilities: 352a570e505cde761102eb7a016d9d05ce7445e5
  RTSMTableSectionManager: 0da0f9e521a00501edabcd72be8b045c9d920111
  RUTextSize: 5513b81c9a1778380d3231d689b46e6394414b96

PODFILE CHECKSUM: 37d383b8b4ff67632867d1244fe2702a8ead3cf2

COCOAPODS: 1.2.1.beta.1
